// !$*UTF8*$!
{
	archiveVersion = 1;
	classes = {
	};
	objectVersion = 46;
	objects = {

/* Begin PBXBuildFile section */
		559B263516FEFE7E00088866 /* UIKit.framework in Frameworks */ = {isa = PBXBuildFile; fileRef = 559B263416FEFE7E00088866 /* UIKit.framework */; };
		559B263716FEFE7E00088866 /* Foundation.framework in Frameworks */ = {isa = PBXBuildFile; fileRef = 559B263616FEFE7E00088866 /* Foundation.framework */; };
		559B263916FEFE7E00088866 /* CoreGraphics.framework in Frameworks */ = {isa = PBXBuildFile; fileRef = 559B263816FEFE7E00088866 /* CoreGraphics.framework */; };
		559B263F16FEFE7E00088866 /* InfoPlist.strings in Resources */ = {isa = PBXBuildFile; fileRef = 559B263D16FEFE7E00088866 /* InfoPlist.strings */; };
		559B264116FEFE7E00088866 /* main.m in Sources */ = {isa = PBXBuildFile; fileRef = 559B264016FEFE7E00088866 /* main.m */; };
		559B264516FEFE7E00088866 /* EduAppDelegate.m in Sources */ = {isa = PBXBuildFile; fileRef = 559B264416FEFE7E00088866 /* EduAppDelegate.m */; };
		559B264716FEFE7E00088866 /* Default.png in Resources */ = {isa = PBXBuildFile; fileRef = 559B264616FEFE7E00088866 /* Default.png */; };
		559B264916FEFE7E00088866 /* Default@2x.png in Resources */ = {isa = PBXBuildFile; fileRef = 559B264816FEFE7E00088866 /* Default@2x.png */; };
		559B264B16FEFE7E00088866 /* Default-568h@2x.png in Resources */ = {isa = PBXBuildFile; fileRef = 559B264A16FEFE7E00088866 /* Default-568h@2x.png */; };
		559B264E16FEFE7E00088866 /* MainStoryboard.storyboard in Resources */ = {isa = PBXBuildFile; fileRef = 559B264C16FEFE7E00088866 /* MainStoryboard.storyboard */; };
		559B265916FF019900088866 /* jz_02.png in Resources */ = {isa = PBXBuildFile; fileRef = 559B265816FF019900088866 /* jz_02.png */; };
		559B265B16FF022D00088866 /* jz_13.png in Resources */ = {isa = PBXBuildFile; fileRef = 559B265A16FF022D00088866 /* jz_13.png */; };
		559B265D16FF04A800088866 /* btn_check_off_disabled_holo_light.png in Resources */ = {isa = PBXBuildFile; fileRef = 559B265C16FF04A800088866 /* btn_check_off_disabled_holo_light.png */; };
		559B265F16FF055B00088866 /* jz_10.png in Resources */ = {isa = PBXBuildFile; fileRef = 559B265E16FF055B00088866 /* jz_10.png */; };
		559B266116FF061200088866 /* checkb_bg.png in Resources */ = {isa = PBXBuildFile; fileRef = 559B266016FF061200088866 /* checkb_bg.png */; };
		559B266416FF068500088866 /* icon_logr.png in Resources */ = {isa = PBXBuildFile; fileRef = 559B266216FF068500088866 /* icon_logr.png */; };
		559B266516FF068500088866 /* icon_logs.png in Resources */ = {isa = PBXBuildFile; fileRef = 559B266316FF068500088866 /* icon_logs.png */; };
		559B266816FF121000088866 /* EduViewController.m in Sources */ = {isa = PBXBuildFile; fileRef = 559B266716FF121000088866 /* EduViewController.m */; };
		559B266E16FF12C800088866 /* MainViewController.m in Sources */ = {isa = PBXBuildFile; fileRef = 559B266D16FF12C800088866 /* MainViewController.m */; };
		559B267116FF459000088866 /* ImageViewController.m in Sources */ = {isa = PBXBuildFile; fileRef = 559B267016FF459000088866 /* ImageViewController.m */; };
		559B267516FFDCDF00088866 /* modo.jpg in Resources */ = {isa = PBXBuildFile; fileRef = 559B267216FFDCDF00088866 /* modo.jpg */; };
		559B267616FFDCDF00088866 /* tc.png in Resources */ = {isa = PBXBuildFile; fileRef = 559B267316FFDCDF00088866 /* tc.png */; };
		559B267716FFDCDF00088866 /* tcbj.png in Resources */ = {isa = PBXBuildFile; fileRef = 559B267416FFDCDF00088866 /* tcbj.png */; };
		559B267A16FFE56900088866 /* ImageTableCell.m in Sources */ = {isa = PBXBuildFile; fileRef = 559B267916FFE56900088866 /* ImageTableCell.m */; };
		559B267C16FFF50300088866 /* ic_wh_message.png in Resources */ = {isa = PBXBuildFile; fileRef = 559B267B16FFF50300088866 /* ic_wh_message.png */; };
		55BE07D417001B3000DB9C1F /* new.png in Resources */ = {isa = PBXBuildFile; fileRef = 55BE07D317001B3000DB9C1F /* new.png */; };
/* End PBXBuildFile section */

/* Begin PBXFileReference section */
		559B263116FEFE7E00088866 /* edu.app */ = {isa = PBXFileReference; explicitFileType = wrapper.application; includeInIndex = 0; path = edu.app; sourceTree = BUILT_PRODUCTS_DIR; };
		559B263416FEFE7E00088866 /* UIKit.framework */ = {isa = PBXFileReference; lastKnownFileType = wrapper.framework; name = UIKit.framework; path = System/Library/Frameworks/UIKit.framework; sourceTree = SDKROOT; };
		559B263616FEFE7E00088866 /* Foundation.framework */ = {isa = PBXFileReference; lastKnownFileType = wrapper.framework; name = Foundation.framework; path = System/Library/Frameworks/Foundation.framework; sourceTree = SDKROOT; };
		559B263816FEFE7E00088866 /* CoreGraphics.framework */ = {isa = PBXFileReference; lastKnownFileType = wrapper.framework; name = CoreGraphics.framework; path = System/Library/Frameworks/CoreGraphics.framework; sourceTree = SDKROOT; };
		559B263C16FEFE7E00088866 /* edu-Info.plist */ = {isa = PBXFileReference; lastKnownFileType = text.plist.xml; path = "edu-Info.plist"; sourceTree = "<group>"; };
		559B263E16FEFE7E00088866 /* en */ = {isa = PBXFileReference; lastKnownFileType = text.plist.strings; name = en; path = en.lproj/InfoPlist.strings; sourceTree = "<group>"; };
		559B264016FEFE7E00088866 /* main.m */ = {isa = PBXFileReference; lastKnownFileType = sourcecode.c.objc; path = main.m; sourceTree = "<group>"; };
		559B264216FEFE7E00088866 /* edu-Prefix.pch */ = {isa = PBXFileReference; lastKnownFileType = sourcecode.c.h; path = "edu-Prefix.pch"; sourceTree = "<group>"; };
		559B264316FEFE7E00088866 /* EduAppDelegate.h */ = {isa = PBXFileReference; lastKnownFileType = sourcecode.c.h; path = EduAppDelegate.h; sourceTree = "<group>"; };
		559B264416FEFE7E00088866 /* EduAppDelegate.m */ = {isa = PBXFileReference; lastKnownFileType = sourcecode.c.objc; path = EduAppDelegate.m; sourceTree = "<group>"; };
		559B264616FEFE7E00088866 /* Default.png */ = {isa = PBXFileReference; lastKnownFileType = image.png; path = Default.png; sourceTree = "<group>"; };
		559B264816FEFE7E00088866 /* Default@2x.png */ = {isa = PBXFileReference; lastKnownFileType = image.png; path = "Default@2x.png"; sourceTree = "<group>"; };
		559B264A16FEFE7E00088866 /* Default-568h@2x.png */ = {isa = PBXFileReference; lastKnownFileType = image.png; path = "Default-568h@2x.png"; sourceTree = "<group>"; };
		559B264D16FEFE7E00088866 /* en */ = {isa = PBXFileReference; lastKnownFileType = file.storyboard; name = en; path = en.lproj/MainStoryboard.storyboard; sourceTree = "<group>"; };
		559B265816FF019900088866 /* jz_02.png */ = {isa = PBXFileReference; lastKnownFileType = image.png; path = jz_02.png; sourceTree = "<group>"; };
		559B265A16FF022D00088866 /* jz_13.png */ = {isa = PBXFileReference; lastKnownFileType = image.png; path = jz_13.png; sourceTree = "<group>"; };
		559B265C16FF04A800088866 /* btn_check_off_disabled_holo_light.png */ = {isa = PBXFileReference; lastKnownFileType = image.png; path = btn_check_off_disabled_holo_light.png; sourceTree = "<group>"; };
		559B265E16FF055B00088866 /* jz_10.png */ = {isa = PBXFileReference; lastKnownFileType = image.png; path = jz_10.png; sourceTree = "<group>"; };
		559B266016FF061200088866 /* checkb_bg.png */ = {isa = PBXFileReference; lastKnownFileType = image.png; path = checkb_bg.png; sourceTree = "<group>"; };
		559B266216FF068500088866 /* icon_logr.png */ = {isa = PBXFileReference; lastKnownFileType = image.png; path = icon_logr.png; sourceTree = "<group>"; };
		559B266316FF068500088866 /* icon_logs.png */ = {isa = PBXFileReference; lastKnownFileType = image.png; path = icon_logs.png; sourceTree = "<group>"; };
		559B266616FF121000088866 /* EduViewController.h */ = {isa = PBXFileReference; fileEncoding = 4; lastKnownFileType = sourcecode.c.h; path = EduViewController.h; sourceTree = "<group>"; };
		559B266716FF121000088866 /* EduViewController.m */ = {isa = PBXFileReference; fileEncoding = 4; lastKnownFileType = sourcecode.c.objc; path = EduViewController.m; sourceTree = "<group>"; };
		559B266C16FF12C800088866 /* MainViewController.h */ = {isa = PBXFileReference; fileEncoding = 4; lastKnownFileType = sourcecode.c.h; path = MainViewController.h; sourceTree = "<group>"; };
		559B266D16FF12C800088866 /* MainViewController.m */ = {isa = PBXFileReference; fileEncoding = 4; lastKnownFileType = sourcecode.c.objc; path = MainViewController.m; sourceTree = "<group>"; };
		559B266F16FF459000088866 /* ImageViewController.h */ = {isa = PBXFileReference; fileEncoding = 4; lastKnownFileType = sourcecode.c.h; path = ImageViewController.h; sourceTree = "<group>"; };
		559B267016FF459000088866 /* ImageViewController.m */ = {isa = PBXFileReference; fileEncoding = 4; lastKnownFileType = sourcecode.c.objc; path = ImageViewController.m; sourceTree = "<group>"; };
		559B267216FFDCDF00088866 /* modo.jpg */ = {isa = PBXFileReference; lastKnownFileType = image.jpeg; path = modo.jpg; sourceTree = "<group>"; };
		559B267316FFDCDF00088866 /* tc.png */ = {isa = PBXFileReference; lastKnownFileType = image.png; path = tc.png; sourceTree = "<group>"; };
		559B267416FFDCDF00088866 /* tcbj.png */ = {isa = PBXFileReference; lastKnownFileType = image.png; path = tcbj.png; sourceTree = "<group>"; };
		559B267816FFE56900088866 /* ImageTableCell.h */ = {isa = PBXFileReference; fileEncoding = 4; lastKnownFileType = sourcecode.c.h; path = ImageTableCell.h; sourceTree = "<group>"; };
		559B267916FFE56900088866 /* ImageTableCell.m */ = {isa = PBXFileReference; fileEncoding = 4; lastKnownFileType = sourcecode.c.objc; path = ImageTableCell.m; sourceTree = "<group>"; };
		559B267B16FFF50300088866 /* ic_wh_message.png */ = {isa = PBXFileReference; lastKnownFileType = image.png; path = ic_wh_message.png; sourceTree = "<group>"; };
		55BE07D317001B3000DB9C1F /* new.png */ = {isa = PBXFileReference; lastKnownFileType = image.png; path = new.png; sourceTree = "<group>"; };
/* End PBXFileReference section */

/* Begin PBXFrameworksBuildPhase section */
		559B262E16FEFE7E00088866 /* Frameworks */ = {
			isa = PBXFrameworksBuildPhase;
			buildActionMask = 2147483647;
			files = (
				559B263516FEFE7E00088866 /* UIKit.framework in Frameworks */,
				559B263716FEFE7E00088866 /* Foundation.framework in Frameworks */,
				559B263916FEFE7E00088866 /* CoreGraphics.framework in Frameworks */,
			);
			runOnlyForDeploymentPostprocessing = 0;
		};
/* End PBXFrameworksBuildPhase section */

/* Begin PBXGroup section */
		559B262816FEFE7E00088866 = {
			isa = PBXGroup;
			children = (
				559B263A16FEFE7E00088866 /* edu */,
				559B263316FEFE7E00088866 /* Frameworks */,
				559B263216FEFE7E00088866 /* Products */,
			);
			sourceTree = "<group>";
		};
		559B263216FEFE7E00088866 /* Products */ = {
			isa = PBXGroup;
			children = (
				559B263116FEFE7E00088866 /* edu.app */,
			);
			name = Products;
			sourceTree = "<group>";
		};
		559B263316FEFE7E00088866 /* Frameworks */ = {
			isa = PBXGroup;
			children = (
				559B263416FEFE7E00088866 /* UIKit.framework */,
				559B263616FEFE7E00088866 /* Foundation.framework */,
				559B263816FEFE7E00088866 /* CoreGraphics.framework */,
			);
			name = Frameworks;
			sourceTree = "<group>";
		};
		559B263A16FEFE7E00088866 /* edu */ = {
			isa = PBXGroup;
			children = (
				559B265716FF018000088866 /* images */,
				559B264316FEFE7E00088866 /* EduAppDelegate.h */,
				559B264416FEFE7E00088866 /* EduAppDelegate.m */,
				559B264C16FEFE7E00088866 /* MainStoryboard.storyboard */,
				559B263B16FEFE7E00088866 /* Supporting Files */,
				559B266616FF121000088866 /* EduViewController.h */,
				559B266716FF121000088866 /* EduViewController.m */,
				559B266C16FF12C800088866 /* MainViewController.h */,
				559B266D16FF12C800088866 /* MainViewController.m */,
				559B266F16FF459000088866 /* ImageViewController.h */,
				559B267016FF459000088866 /* ImageViewController.m */,
				559B267816FFE56900088866 /* ImageTableCell.h */,
				559B267916FFE56900088866 /* ImageTableCell.m */,
			);
			path = edu;
			sourceTree = "<group>";
		};
		559B263B16FEFE7E00088866 /* Supporting Files */ = {
			isa = PBXGroup;
			children = (
				559B263C16FEFE7E00088866 /* edu-Info.plist */,
				559B263D16FEFE7E00088866 /* InfoPlist.strings */,
				559B264016FEFE7E00088866 /* main.m */,
				559B264216FEFE7E00088866 /* edu-Prefix.pch */,
				559B264616FEFE7E00088866 /* Default.png */,
				559B264816FEFE7E00088866 /* Default@2x.png */,
				559B264A16FEFE7E00088866 /* Default-568h@2x.png */,
			);
			name = "Supporting Files";
			sourceTree = "<group>";
		};
		559B265716FF018000088866 /* images */ = {
			isa = PBXGroup;
			children = (
				55BE07D317001B3000DB9C1F /* new.png */,
				559B267B16FFF50300088866 /* ic_wh_message.png */,
				559B267216FFDCDF00088866 /* modo.jpg */,
				559B267316FFDCDF00088866 /* tc.png */,
				559B267416FFDCDF00088866 /* tcbj.png */,
				559B266216FF068500088866 /* icon_logr.png */,
				559B266316FF068500088866 /* icon_logs.png */,
				559B266016FF061200088866 /* checkb_bg.png */,
				559B265E16FF055B00088866 /* jz_10.png */,
				559B265C16FF04A800088866 /* btn_check_off_disabled_holo_light.png */,
				559B265A16FF022D00088866 /* jz_13.png */,
				559B265816FF019900088866 /* jz_02.png */,
			);
			name = images;
			sourceTree = "<group>";
		};
/* End PBXGroup section */

/* Begin PBXNativeTarget section */
		559B263016FEFE7E00088866 /* edu */ = {
			isa = PBXNativeTarget;
			buildConfigurationList = 559B265416FEFE7E00088866 /* Build configuration list for PBXNativeTarget "edu" */;
			buildPhases = (
				559B262D16FEFE7E00088866 /* Sources */,
				559B262E16FEFE7E00088866 /* Frameworks */,
				559B262F16FEFE7E00088866 /* Resources */,
			);
			buildRules = (
			);
			dependencies = (
			);
			name = edu;
			productName = edu;
			productReference = 559B263116FEFE7E00088866 /* edu.app */;
			productType = "com.apple.product-type.application";
		};
/* End PBXNativeTarget section */

/* Begin PBXProject section */
		559B262916FEFE7E00088866 /* Project object */ = {
			isa = PBXProject;
			attributes = {
				CLASSPREFIX = edu;
				LastUpgradeCheck = 0460;
				ORGANIZATIONNAME = lubing;
			};
			buildConfigurationList = 559B262C16FEFE7E00088866 /* Build configuration list for PBXProject "edu" */;
			compatibilityVersion = "Xcode 3.2";
			developmentRegion = English;
			hasScannedForEncodings = 0;
			knownRegions = (
				en,
			);
			mainGroup = 559B262816FEFE7E00088866;
			productRefGroup = 559B263216FEFE7E00088866 /* Products */;
			projectDirPath = "";
			projectRoot = "";
			targets = (
				559B263016FEFE7E00088866 /* edu */,
			);
		};
/* End PBXProject section */

/* Begin PBXResourcesBuildPhase section */
		559B262F16FEFE7E00088866 /* Resources */ = {
			isa = PBXResourcesBuildPhase;
			buildActionMask = 2147483647;
			files = (
				559B263F16FEFE7E00088866 /* InfoPlist.strings in Resources */,
				559B264716FEFE7E00088866 /* Default.png in Resources */,
				559B264916FEFE7E00088866 /* Default@2x.png in Resources */,
				559B264B16FEFE7E00088866 /* Default-568h@2x.png in Resources */,
				559B264E16FEFE7E00088866 /* MainStoryboard.storyboard in Resources */,
				559B265916FF019900088866 /* jz_02.png in Resources */,
				559B265B16FF022D00088866 /* jz_13.png in Resources */,
				559B265D16FF04A800088866 /* btn_check_off_disabled_holo_light.png in Resources */,
				559B265F16FF055B00088866 /* jz_10.png in Resources */,
				559B266116FF061200088866 /* checkb_bg.png in Resources */,
				559B266416FF068500088866 /* icon_logr.png in Resources */,
				559B266516FF068500088866 /* icon_logs.png in Resources */,
				559B267516FFDCDF00088866 /* modo.jpg in Resources */,
				559B267616FFDCDF00088866 /* tc.png in Resources */,
				559B267716FFDCDF00088866 /* tcbj.png in Resources */,
				559B267C16FFF50300088866 /* ic_wh_message.png in Resources */,
				55BE07D417001B3000DB9C1F /* new.png in Resources */,
			);
			runOnlyForDeploymentPostprocessing = 0;
		};
/* End PBXResourcesBuildPhase section */

/* Begin PBXSourcesBuildPhase section */
		559B262D16FEFE7E00088866 /* Sources */ = {
			isa = PBXSourcesBuildPhase;
			buildActionMask = 2147483647;
			files = (
				559B264116FEFE7E00088866 /* main.m in Sources */,
				559B264516FEFE7E00088866 /* EduAppDelegate.m in Sources */,
				559B266816FF121000088866 /* EduViewController.m in Sources */,
				559B266E16FF12C800088866 /* MainViewController.m in Sources */,
				559B267116FF459000088866 /* ImageViewController.m in Sources */,
				559B267A16FFE56900088866 /* ImageTableCell.m in Sources */,
			);
			runOnlyForDeploymentPostprocessing = 0;
		};
/* End PBXSourcesBuildPhase section */

/* Begin PBXVariantGroup section */
		559B263D16FEFE7E00088866 /* InfoPlist.strings */ = {
			isa = PBXVariantGroup;
			children = (
				559B263E16FEFE7E00088866 /* en */,
			);
			name = InfoPlist.strings;
			sourceTree = "<group>";
		};
		559B264C16FEFE7E00088866 /* MainStoryboard.storyboard */ = {
			isa = PBXVariantGroup;
			children = (
				559B264D16FEFE7E00088866 /* en */,
			);
			name = MainStoryboard.storyboard;
			sourceTree = "<group>";
		};
/* End PBXVariantGroup section */

/* Begin XCBuildConfiguration section */
		559B265216FEFE7E00088866 /* Debug */ = {
			isa = XCBuildConfiguration;
			buildSettings = {
				ALWAYS_SEARCH_USER_PATHS = NO;
				CLANG_CXX_LANGUAGE_STANDARD = "gnu++0x";
				CLANG_CXX_LIBRARY = "libc++";
				CLANG_ENABLE_OBJC_ARC = YES;
				CLANG_WARN_CONSTANT_CONVERSION = YES;
				CLANG_WARN_EMPTY_BODY = YES;
				CLANG_WARN_ENUM_CONVERSION = YES;
				CLANG_WARN_INT_CONVERSION = YES;
				CLANG_WARN__DUPLICATE_METHOD_MATCH = YES;
				"CODE_SIGN_IDENTITY[sdk=iphoneos*]" = "iPhone Developer";
				COPY_PHASE_STRIP = NO;
				GCC_C_LANGUAGE_STANDARD = gnu99;
				GCC_DYNAMIC_NO_PIC = NO;
				GCC_OPTIMIZATION_LEVEL = 0;
				GCC_PREPROCESSOR_DEFINITIONS = (
					"DEBUG=1",
					"$(inherited)",
				);
				GCC_SYMBOLS_PRIVATE_EXTERN = NO;
				GCC_WARN_ABOUT_RETURN_TYPE = YES;
				GCC_WARN_UNINITIALIZED_AUTOS = YES;
				GCC_WARN_UNUSED_VARIABLE = YES;
				IPHONEOS_DEPLOYMENT_TARGET = 5.0;
				ONLY_ACTIVE_ARCH = YES;
				SDKROOT = iphoneos;
			};
			name = Debug;
		};
		559B265316FEFE7E00088866 /* Release */ = {
			isa = XCBuildConfiguration;
			buildSettings = {
				ALWAYS_SEARCH_USER_PATHS = NO;
				CLANG_CXX_LANGUAGE_STANDARD = "gnu++0x";
				CLANG_CXX_LIBRARY = "libc++";
				CLANG_ENABLE_OBJC_ARC = YES;
				CLANG_WARN_CONSTANT_CONVERSION = YES;
				CLANG_WARN_EMPTY_BODY = YES;
				CLANG_WARN_ENUM_CONVERSION = YES;
				CLANG_WARN_INT_CONVERSION = YES;
				CLANG_WARN__DUPLICATE_METHOD_MATCH = YES;
				"CODE_SIGN_IDENTITY[sdk=iphoneos*]" = "iPhone Developer";
				COPY_PHASE_STRIP = YES;
				GCC_C_LANGUAGE_STANDARD = gnu99;
				GCC_WARN_ABOUT_RETURN_TYPE = YES;
				GCC_WARN_UNINITIALIZED_AUTOS = YES;
				GCC_WARN_UNUSED_VARIABLE = YES;
				IPHONEOS_DEPLOYMENT_TARGET = 5.0;
				OTHER_CFLAGS = "-DNS_BLOCK_ASSERTIONS=1";
				SDKROOT = iphoneos;
				VALIDATE_PRODUCT = YES;
			};
			name = Release;
		};
		559B265516FEFE7E00088866 /* Debug */ = {
			isa = XCBuildConfiguration;
			buildSettings = {
				GCC_PRECOMPILE_PREFIX_HEADER = YES;
				GCC_PREFIX_HEADER = "edu/edu-Prefix.pch";
				INFOPLIST_FILE = "edu/edu-Info.plist";
				IPHONEOS_DEPLOYMENT_TARGET = 5.0;
				PRODUCT_NAME = "$(TARGET_NAME)";
				WRAPPER_EXTENSION = app;
			};
			name = Debug;
		};
		559B265616FEFE7E00088866 /* Release */ = {
			isa = XCBuildConfiguration;
			buildSettings = {
				GCC_PRECOMPILE_PREFIX_HEADER = YES;
				GCC_PREFIX_HEADER = "edu/edu-Prefix.pch";
				INFOPLIST_FILE = "edu/edu-Info.plist";
				IPHONEOS_DEPLOYMENT_TARGET = 5.0;
				PRODUCT_NAME = "$(TARGET_NAME)";
				WRAPPER_EXTENSION = app;
			};
			name = Release;
		};
/* End XCBuildConfiguration section */

/* Begin XCConfigurationList section */
		559B262C16FEFE7E00088866 /* Build configuration list for PBXProject "edu" */ = {
			isa = XCConfigurationList;
			buildConfigurations = (
				559B265216FEFE7E00088866 /* Debug */,
				559B265316FEFE7E00088866 /* Release */,
			);
			defaultConfigurationIsVisible = 0;
			defaultConfigurationName = Release;
		};
		559B265416FEFE7E00088866 /* Build configuration list for PBXNativeTarget "edu" */ = {
			isa = XCConfigurationList;
			buildConfigurations = (
				559B265516FEFE7E00088866 /* Debug */,
				559B265616FEFE7E00088866 /* Release */,
			);
			defaultConfigurationIsVisible = 0;
			defaultConfigurationName = Release;
		};
/* End XCConfigurationList section */
	};
	rootObject = 559B262916FEFE7E00088866 /* Project object */;
}
